
Microsoft Visual Studio Solution File, Format Version 12.00
# Visual Studio Version 17
VisualStudioVersion = 17.4.33205.214
MinimumVisualStudioVersion = 10.0.40219.1
Project("{9A19103F-16F7-4668-BE54-9A1E7A4F7556}") = "discgolf-app-api", "discgolf-app\discgolf-app-api.csproj", "{07BAB68B-064B-486D-897D-AA9ED08891BF}"
EndProject
Project("{9A19103F-16F7-4668-BE54-9A1E7A4F7556}") = "discgolf-app-dataaccess", "DataAccess\discgolf-app-dataaccess.csproj", "{94D8A34E-B245-4548-87A4-AD04744CBF5F}"
EndProject
Global
	GlobalSection(SolutionConfigurationPlatforms) = preSolution
		Debug|Any CPU = Debug|Any CPU
		Release|Any CPU = Release|Any CPU
	EndGlobalSection
	GlobalSection(ProjectConfigurationPlatforms) = postSolution
		{07BAB68B-064B-486D-897D-AA9ED08891BF}.Debug|Any CPU.ActiveCfg = Debug|Any CPU
		{07BAB68B-064B-486D-897D-AA9ED08891BF}.Debug|Any CPU.Build.0 = Debug|Any CPU
		{07BAB68B-064B-486D-897D-AA9ED08891BF}.Release|Any CPU.ActiveCfg = Release|Any CPU
		{07BAB68B-064B-486D-897D-AA9ED08891BF}.Release|Any CPU.Build.0 = Release|Any CPU
		{94D8A34E-B245-4548-87A4-AD04744CBF5F}.Debug|Any CPU.ActiveCfg = Debug|Any CPU
		{94D8A34E-B245-4548-87A4-AD04744CBF5F}.Debug|Any CPU.Build.0 = Debug|Any CPU
		{94D8A34E-B245-4548-87A4-AD04744CBF5F}.Release|Any CPU.ActiveCfg = Release|Any CPU
		{94D8A34E-B245-4548-87A4-AD04744CBF5F}.Release|Any CPU.Build.0 = Release|Any CPU
	EndGlobalSection
	GlobalSection(SolutionProperties) = preSolution
		HideSolutionNode = FALSE
	EndGlobalSection
	GlobalSection(ExtensibilityGlobals) = postSolution
		SolutionGuid = {E1BAA239-9F48-4B8C-A025-F86643939921}
	EndGlobalSection
EndGlobal
